
Microsoft Visual Studio Solution File, Format Version 12.00
# Visual Studio Version 17
VisualStudioVersion = 17.14.36414.22 d17.14
MinimumVisualStudioVersion = 10.0.40219.1
Project("{FAE04EC0-301F-11D3-BF4B-00C04F79EFBC}") = "MooveUI", "MooveUI\MooveUI.csproj", "{BEB7C5CF-0600-4F65-B3FA-25A223E1195A}"
EndProject
Project("{FAE04EC0-301F-11D3-BF4B-00C04F79EFBC}") = "Moove.Tray", "Moove.Tray\Moove.Tray.csproj", "{3CA6C18F-6AC9-44A0-A203-8AE1D3BB29DD}"
EndProject
Project("{FAE04EC0-301F-11D3-BF4B-00C04F79EFBC}") = "Moove.PresentationFramework", "Moove.PresentationFramework\Moove.PresentationFramework.csproj", "{3419A843-1C42-4771-9459-849CECDFD2FD}"
EndProject
Project("{FAE04EC0-301F-11D3-BF4B-00C04F79EFBC}") = "Moove.Framework", "Moove.Framework\Moove.Framework.csproj", "{42130559-99A2-4F0D-8170-56D51F862C08}"
EndProject
Project("{2150E333-8FDC-42A3-9474-1A3956D46DE8}") = "3 - Rg.StocksAnalyser", "3 - Rg.StocksAnalyser", "{615CF852-0928-4155-9116-65E4B4BD68AE}"
EndProject
Project("{2150E333-8FDC-42A3-9474-1A3956D46DE8}") = "1 - Moove", "1 - Moove", "{EDB96B30-2BF3-406A-B4FA-11DEF39AE443}"
EndProject
Project("{2150E333-8FDC-42A3-9474-1A3956D46DE8}") = "4 - StocksBenchmark", "4 - StocksBenchmark", "{4B1BC70C-6720-49EF-9123-ACF8FBF72BC1}"
EndProject
Project("{FAE04EC0-301F-11D3-BF4B-00C04F79EFBC}") = "Infrastructure", "Infrastructure\Infrastructure.csproj", "{976A22E0-69E7-44C9-ACFD-D906720F8DA0}"
EndProject
Project("{FAE04EC0-301F-11D3-BF4B-00C04F79EFBC}") = "Testes", "Testes\Testes.csproj", "{45ED0356-75AD-4551-99F4-72C2F7C44160}"
EndProject
Project("{FAE04EC0-301F-11D3-BF4B-00C04F79EFBC}") = "StockBenchmarkImporter", "StockBenchmarkImporter\StockBenchmarkImporter.csproj", "{BBA4AEE0-291F-4935-BE2A-CD07DB060CA9}"
EndProject
Project("{FAE04EC0-301F-11D3-BF4B-00C04F79EFBC}") = "StockBenchmark", "StockBenchmark\StockBenchmark.csproj", "{7324A224-A725-402F-8063-C06F06571775}"
EndProject
Project("{FAE04EC0-301F-11D3-BF4B-00C04F79EFBC}") = "Moove.FunctionApp", "Moove.FunctionApp\Moove.FunctionApp.csproj", "{BEDD81E5-248F-8AC7-BD2F-4701A2660079}"
EndProject
Global
	GlobalSection(SolutionConfigurationPlatforms) = preSolution
		Debug|Any CPU = Debug|Any CPU
		Debug|x64 = Debug|x64
		Release|Any CPU = Release|Any CPU
		Release|x64 = Release|x64
		x64_debug|Any CPU = x64_debug|Any CPU
		x64_debug|x64 = x64_debug|x64
		x64_release|Any CPU = x64_release|Any CPU
		x64_release|x64 = x64_release|x64
	EndGlobalSection
	GlobalSection(ProjectConfigurationPlatforms) = postSolution
		{BEB7C5CF-0600-4F65-B3FA-25A223E1195A}.Debug|Any CPU.ActiveCfg = Debug|Any CPU
		{BEB7C5CF-0600-4F65-B3FA-25A223E1195A}.Debug|Any CPU.Build.0 = Debug|Any CPU
		{BEB7C5CF-0600-4F65-B3FA-25A223E1195A}.Debug|x64.ActiveCfg = Debug|x64
		{BEB7C5CF-0600-4F65-B3FA-25A223E1195A}.Debug|x64.Build.0 = Debug|x64
		{BEB7C5CF-0600-4F65-B3FA-25A223E1195A}.Release|Any CPU.ActiveCfg = Release|Any CPU
		{BEB7C5CF-0600-4F65-B3FA-25A223E1195A}.Release|Any CPU.Build.0 = Release|Any CPU
		{BEB7C5CF-0600-4F65-B3FA-25A223E1195A}.Release|x64.ActiveCfg = Release|x64
		{BEB7C5CF-0600-4F65-B3FA-25A223E1195A}.Release|x64.Build.0 = Release|x64
		{BEB7C5CF-0600-4F65-B3FA-25A223E1195A}.x64_debug|Any CPU.ActiveCfg = x64_debug|Any CPU
		{BEB7C5CF-0600-4F65-B3FA-25A223E1195A}.x64_debug|Any CPU.Build.0 = x64_debug|Any CPU
		{BEB7C5CF-0600-4F65-B3FA-25A223E1195A}.x64_debug|x64.ActiveCfg = x64_debug|x64
		{BEB7C5CF-0600-4F65-B3FA-25A223E1195A}.x64_debug|x64.Build.0 = x64_debug|x64
		{BEB7C5CF-0600-4F65-B3FA-25A223E1195A}.x64_release|Any CPU.ActiveCfg = x64_release|Any CPU
		{BEB7C5CF-0600-4F65-B3FA-25A223E1195A}.x64_release|Any CPU.Build.0 = x64_release|Any CPU
		{BEB7C5CF-0600-4F65-B3FA-25A223E1195A}.x64_release|x64.ActiveCfg = x64_release|x64
		{BEB7C5CF-0600-4F65-B3FA-25A223E1195A}.x64_release|x64.Build.0 = x64_release|x64
		{3CA6C18F-6AC9-44A0-A203-8AE1D3BB29DD}.Debug|Any CPU.ActiveCfg = Debug|Any CPU
		{3CA6C18F-6AC9-44A0-A203-8AE1D3BB29DD}.Debug|Any CPU.Build.0 = Debug|Any CPU
		{3CA6C18F-6AC9-44A0-A203-8AE1D3BB29DD}.Debug|x64.ActiveCfg = Debug|x64
		{3CA6C18F-6AC9-44A0-A203-8AE1D3BB29DD}.Debug|x64.Build.0 = Debug|x64
		{3CA6C18F-6AC9-44A0-A203-8AE1D3BB29DD}.Release|Any CPU.ActiveCfg = Release|Any CPU
		{3CA6C18F-6AC9-44A0-A203-8AE1D3BB29DD}.Release|Any CPU.Build.0 = Release|Any CPU
		{3CA6C18F-6AC9-44A0-A203-8AE1D3BB29DD}.Release|x64.ActiveCfg = Release|x64
		{3CA6C18F-6AC9-44A0-A203-8AE1D3BB29DD}.Release|x64.Build.0 = Release|x64
		{3CA6C18F-6AC9-44A0-A203-8AE1D3BB29DD}.x64_debug|Any CPU.ActiveCfg = x64_debug|Any CPU
		{3CA6C18F-6AC9-44A0-A203-8AE1D3BB29DD}.x64_debug|Any CPU.Build.0 = x64_debug|Any CPU
		{3CA6C18F-6AC9-44A0-A203-8AE1D3BB29DD}.x64_debug|x64.ActiveCfg = x64_debug|x64
		{3CA6C18F-6AC9-44A0-A203-8AE1D3BB29DD}.x64_debug|x64.Build.0 = x64_debug|x64
		{3CA6C18F-6AC9-44A0-A203-8AE1D3BB29DD}.x64_release|Any CPU.ActiveCfg = x64_release|Any CPU
		{3CA6C18F-6AC9-44A0-A203-8AE1D3BB29DD}.x64_release|Any CPU.Build.0 = x64_release|Any CPU
		{3CA6C18F-6AC9-44A0-A203-8AE1D3BB29DD}.x64_release|x64.ActiveCfg = x64_release|x64
		{3CA6C18F-6AC9-44A0-A203-8AE1D3BB29DD}.x64_release|x64.Build.0 = x64_release|x64
		{3419A843-1C42-4771-9459-849CECDFD2FD}.Debug|Any CPU.ActiveCfg = Debug|Any CPU
		{3419A843-1C42-4771-9459-849CECDFD2FD}.Debug|Any CPU.Build.0 = Debug|Any CPU
		{3419A843-1C42-4771-9459-849CECDFD2FD}.Debug|x64.ActiveCfg = Debug|x64
		{3419A843-1C42-4771-9459-849CECDFD2FD}.Debug|x64.Build.0 = Debug|x64
		{3419A843-1C42-4771-9459-849CECDFD2FD}.Release|Any CPU.ActiveCfg = Release|Any CPU
		{3419A843-1C42-4771-9459-849CECDFD2FD}.Release|Any CPU.Build.0 = Release|Any CPU
		{3419A843-1C42-4771-9459-849CECDFD2FD}.Release|x64.ActiveCfg = Release|x64
		{3419A843-1C42-4771-9459-849CECDFD2FD}.Release|x64.Build.0 = Release|x64
		{3419A843-1C42-4771-9459-849CECDFD2FD}.x64_debug|Any CPU.ActiveCfg = x64_debug|Any CPU
		{3419A843-1C42-4771-9459-849CECDFD2FD}.x64_debug|Any CPU.Build.0 = x64_debug|Any CPU
		{3419A843-1C42-4771-9459-849CECDFD2FD}.x64_debug|x64.ActiveCfg = x64_debug|x64
		{3419A843-1C42-4771-9459-849CECDFD2FD}.x64_debug|x64.Build.0 = x64_debug|x64
		{3419A843-1C42-4771-9459-849CECDFD2FD}.x64_release|Any CPU.ActiveCfg = x64_release|Any CPU
		{3419A843-1C42-4771-9459-849CECDFD2FD}.x64_release|Any CPU.Build.0 = x64_release|Any CPU
		{3419A843-1C42-4771-9459-849CECDFD2FD}.x64_release|x64.ActiveCfg = x64_release|x64
		{3419A843-1C42-4771-9459-849CECDFD2FD}.x64_release|x64.Build.0 = x64_release|x64
		{42130559-99A2-4F0D-8170-56D51F862C08}.Debug|Any CPU.ActiveCfg = Debug|Any CPU
		{42130559-99A2-4F0D-8170-56D51F862C08}.Debug|Any CPU.Build.0 = Debug|Any CPU
		{42130559-99A2-4F0D-8170-56D51F862C08}.Debug|x64.ActiveCfg = Debug|x64
		{42130559-99A2-4F0D-8170-56D51F862C08}.Debug|x64.Build.0 = Debug|x64
		{42130559-99A2-4F0D-8170-56D51F862C08}.Release|Any CPU.ActiveCfg = Release|Any CPU
		{42130559-99A2-4F0D-8170-56D51F862C08}.Release|Any CPU.Build.0 = Release|Any CPU
		{42130559-99A2-4F0D-8170-56D51F862C08}.Release|x64.ActiveCfg = Release|x64
		{42130559-99A2-4F0D-8170-56D51F862C08}.Release|x64.Build.0 = Release|x64
		{42130559-99A2-4F0D-8170-56D51F862C08}.x64_debug|Any CPU.ActiveCfg = x64_debug|Any CPU
		{42130559-99A2-4F0D-8170-56D51F862C08}.x64_debug|Any CPU.Build.0 = x64_debug|Any CPU
		{42130559-99A2-4F0D-8170-56D51F862C08}.x64_debug|x64.ActiveCfg = x64_debug|x64
		{42130559-99A2-4F0D-8170-56D51F862C08}.x64_debug|x64.Build.0 = x64_debug|x64
		{42130559-99A2-4F0D-8170-56D51F862C08}.x64_release|Any CPU.ActiveCfg = x64_release|Any CPU
		{42130559-99A2-4F0D-8170-56D51F862C08}.x64_release|Any CPU.Build.0 = x64_release|Any CPU
		{42130559-99A2-4F0D-8170-56D51F862C08}.x64_release|x64.ActiveCfg = x64_release|x64
		{42130559-99A2-4F0D-8170-56D51F862C08}.x64_release|x64.Build.0 = x64_release|x64
		{976A22E0-69E7-44C9-ACFD-D906720F8DA0}.Debug|Any CPU.ActiveCfg = Debug|Any CPU
		{976A22E0-69E7-44C9-ACFD-D906720F8DA0}.Debug|Any CPU.Build.0 = Debug|Any CPU
		{976A22E0-69E7-44C9-ACFD-D906720F8DA0}.Debug|x64.ActiveCfg = Debug|Any CPU
		{976A22E0-69E7-44C9-ACFD-D906720F8DA0}.Debug|x64.Build.0 = Debug|Any CPU
		{976A22E0-69E7-44C9-ACFD-D906720F8DA0}.Release|Any CPU.ActiveCfg = Release|Any CPU
		{976A22E0-69E7-44C9-ACFD-D906720F8DA0}.Release|Any CPU.Build.0 = Release|Any CPU
		{976A22E0-69E7-44C9-ACFD-D906720F8DA0}.Release|x64.ActiveCfg = Release|Any CPU
		{976A22E0-69E7-44C9-ACFD-D906720F8DA0}.Release|x64.Build.0 = Release|Any CPU
		{976A22E0-69E7-44C9-ACFD-D906720F8DA0}.x64_debug|Any CPU.ActiveCfg = Release|Any CPU
		{976A22E0-69E7-44C9-ACFD-D906720F8DA0}.x64_debug|Any CPU.Build.0 = Release|Any CPU
		{976A22E0-69E7-44C9-ACFD-D906720F8DA0}.x64_debug|x64.ActiveCfg = Release|Any CPU
		{976A22E0-69E7-44C9-ACFD-D906720F8DA0}.x64_debug|x64.Build.0 = Release|Any CPU
		{976A22E0-69E7-44C9-ACFD-D906720F8DA0}.x64_release|Any CPU.ActiveCfg = Release|Any CPU
		{976A22E0-69E7-44C9-ACFD-D906720F8DA0}.x64_release|Any CPU.Build.0 = Release|Any CPU
		{976A22E0-69E7-44C9-ACFD-D906720F8DA0}.x64_release|x64.ActiveCfg = Release|Any CPU
		{976A22E0-69E7-44C9-ACFD-D906720F8DA0}.x64_release|x64.Build.0 = Release|Any CPU
		{45ED0356-75AD-4551-99F4-72C2F7C44160}.Debug|Any CPU.ActiveCfg = Debug|Any CPU
		{45ED0356-75AD-4551-99F4-72C2F7C44160}.Debug|Any CPU.Build.0 = Debug|Any CPU
		{45ED0356-75AD-4551-99F4-72C2F7C44160}.Debug|x64.ActiveCfg = Debug|Any CPU
		{45ED0356-75AD-4551-99F4-72C2F7C44160}.Debug|x64.Build.0 = Debug|Any CPU
		{45ED0356-75AD-4551-99F4-72C2F7C44160}.Release|Any CPU.ActiveCfg = Release|Any CPU
		{45ED0356-75AD-4551-99F4-72C2F7C44160}.Release|Any CPU.Build.0 = Release|Any CPU
		{45ED0356-75AD-4551-99F4-72C2F7C44160}.Release|x64.ActiveCfg = Release|Any CPU
		{45ED0356-75AD-4551-99F4-72C2F7C44160}.Release|x64.Build.0 = Release|Any CPU
		{45ED0356-75AD-4551-99F4-72C2F7C44160}.x64_debug|Any CPU.ActiveCfg = Release|Any CPU
		{45ED0356-75AD-4551-99F4-72C2F7C44160}.x64_debug|Any CPU.Build.0 = Release|Any CPU
		{45ED0356-75AD-4551-99F4-72C2F7C44160}.x64_debug|x64.ActiveCfg = Release|Any CPU
		{45ED0356-75AD-4551-99F4-72C2F7C44160}.x64_debug|x64.Build.0 = Release|Any CPU
		{45ED0356-75AD-4551-99F4-72C2F7C44160}.x64_release|Any CPU.ActiveCfg = Release|Any CPU
		{45ED0356-75AD-4551-99F4-72C2F7C44160}.x64_release|Any CPU.Build.0 = Release|Any CPU
		{45ED0356-75AD-4551-99F4-72C2F7C44160}.x64_release|x64.ActiveCfg = Release|Any CPU
		{45ED0356-75AD-4551-99F4-72C2F7C44160}.x64_release|x64.Build.0 = Release|Any CPU
		{BBA4AEE0-291F-4935-BE2A-CD07DB060CA9}.Debug|Any CPU.ActiveCfg = Debug|Any CPU
		{BBA4AEE0-291F-4935-BE2A-CD07DB060CA9}.Debug|Any CPU.Build.0 = Debug|Any CPU
		{BBA4AEE0-291F-4935-BE2A-CD07DB060CA9}.Debug|x64.ActiveCfg = Debug|Any CPU
		{BBA4AEE0-291F-4935-BE2A-CD07DB060CA9}.Debug|x64.Build.0 = Debug|Any CPU
		{BBA4AEE0-291F-4935-BE2A-CD07DB060CA9}.Release|Any CPU.ActiveCfg = Release|Any CPU
		{BBA4AEE0-291F-4935-BE2A-CD07DB060CA9}.Release|Any CPU.Build.0 = Release|Any CPU
		{BBA4AEE0-291F-4935-BE2A-CD07DB060CA9}.Release|x64.ActiveCfg = Release|Any CPU
		{BBA4AEE0-291F-4935-BE2A-CD07DB060CA9}.Release|x64.Build.0 = Release|Any CPU
		{BBA4AEE0-291F-4935-BE2A-CD07DB060CA9}.x64_debug|Any CPU.ActiveCfg = Release|Any CPU
		{BBA4AEE0-291F-4935-BE2A-CD07DB060CA9}.x64_debug|Any CPU.Build.0 = Release|Any CPU
		{BBA4AEE0-291F-4935-BE2A-CD07DB060CA9}.x64_debug|x64.ActiveCfg = Release|Any CPU
		{BBA4AEE0-291F-4935-BE2A-CD07DB060CA9}.x64_debug|x64.Build.0 = Release|Any CPU
		{BBA4AEE0-291F-4935-BE2A-CD07DB060CA9}.x64_release|Any CPU.ActiveCfg = Release|Any CPU
		{BBA4AEE0-291F-4935-BE2A-CD07DB060CA9}.x64_release|Any CPU.Build.0 = Release|Any CPU
		{BBA4AEE0-291F-4935-BE2A-CD07DB060CA9}.x64_release|x64.ActiveCfg = Release|Any CPU
		{BBA4AEE0-291F-4935-BE2A-CD07DB060CA9}.x64_release|x64.Build.0 = Release|Any CPU
		{7324A224-A725-402F-8063-C06F06571775}.Debug|Any CPU.ActiveCfg = Debug|Any CPU
		{7324A224-A725-402F-8063-C06F06571775}.Debug|Any CPU.Build.0 = Debug|Any CPU
		{7324A224-A725-402F-8063-C06F06571775}.Debug|x64.ActiveCfg = Debug|Any CPU
		{7324A224-A725-402F-8063-C06F06571775}.Debug|x64.Build.0 = Debug|Any CPU
		{7324A224-A725-402F-8063-C06F06571775}.Release|Any CPU.ActiveCfg = Release|Any CPU
		{7324A224-A725-402F-8063-C06F06571775}.Release|Any CPU.Build.0 = Release|Any CPU
		{7324A224-A725-402F-8063-C06F06571775}.Release|x64.ActiveCfg = Release|Any CPU
		{7324A224-A725-402F-8063-C06F06571775}.Release|x64.Build.0 = Release|Any CPU
		{7324A224-A725-402F-8063-C06F06571775}.x64_debug|Any CPU.ActiveCfg = Release|Any CPU
		{7324A224-A725-402F-8063-C06F06571775}.x64_debug|Any CPU.Build.0 = Release|Any CPU
		{7324A224-A725-402F-8063-C06F06571775}.x64_debug|x64.ActiveCfg = Release|Any CPU
		{7324A224-A725-402F-8063-C06F06571775}.x64_debug|x64.Build.0 = Release|Any CPU
		{7324A224-A725-402F-8063-C06F06571775}.x64_release|Any CPU.ActiveCfg = Release|Any CPU
		{7324A224-A725-402F-8063-C06F06571775}.x64_release|Any CPU.Build.0 = Release|Any CPU
		{7324A224-A725-402F-8063-C06F06571775}.x64_release|x64.ActiveCfg = Release|Any CPU
		{7324A224-A725-402F-8063-C06F06571775}.x64_release|x64.Build.0 = Release|Any CPU
		{BEDD81E5-248F-8AC7-BD2F-4701A2660079}.Debug|Any CPU.ActiveCfg = Debug|Any CPU
		{BEDD81E5-248F-8AC7-BD2F-4701A2660079}.Debug|Any CPU.Build.0 = Debug|Any CPU
		{BEDD81E5-248F-8AC7-BD2F-4701A2660079}.Debug|x64.ActiveCfg = Debug|Any CPU
		{BEDD81E5-248F-8AC7-BD2F-4701A2660079}.Debug|x64.Build.0 = Debug|Any CPU
		{BEDD81E5-248F-8AC7-BD2F-4701A2660079}.Release|Any CPU.ActiveCfg = Release|Any CPU
		{BEDD81E5-248F-8AC7-BD2F-4701A2660079}.Release|Any CPU.Build.0 = Release|Any CPU
		{BEDD81E5-248F-8AC7-BD2F-4701A2660079}.Release|x64.ActiveCfg = Release|Any CPU
		{BEDD81E5-248F-8AC7-BD2F-4701A2660079}.Release|x64.Build.0 = Release|Any CPU
		{BEDD81E5-248F-8AC7-BD2F-4701A2660079}.x64_debug|Any CPU.ActiveCfg = Release|Any CPU
		{BEDD81E5-248F-8AC7-BD2F-4701A2660079}.x64_debug|Any CPU.Build.0 = Release|Any CPU
		{BEDD81E5-248F-8AC7-BD2F-4701A2660079}.x64_debug|x64.ActiveCfg = Release|Any CPU
		{BEDD81E5-248F-8AC7-BD2F-4701A2660079}.x64_debug|x64.Build.0 = Release|Any CPU
		{BEDD81E5-248F-8AC7-BD2F-4701A2660079}.x64_release|Any CPU.ActiveCfg = Release|Any CPU
		{BEDD81E5-248F-8AC7-BD2F-4701A2660079}.x64_release|Any CPU.Build.0 = Release|Any CPU
		{BEDD81E5-248F-8AC7-BD2F-4701A2660079}.x64_release|x64.ActiveCfg = Release|Any CPU
		{BEDD81E5-248F-8AC7-BD2F-4701A2660079}.x64_release|x64.Build.0 = Release|Any CPU
	EndGlobalSection
	GlobalSection(SolutionProperties) = preSolution
		HideSolutionNode = FALSE
	EndGlobalSection
	GlobalSection(NestedProjects) = preSolution
		{BEB7C5CF-0600-4F65-B3FA-25A223E1195A} = {EDB96B30-2BF3-406A-B4FA-11DEF39AE443}
		{3CA6C18F-6AC9-44A0-A203-8AE1D3BB29DD} = {EDB96B30-2BF3-406A-B4FA-11DEF39AE443}
		{3419A843-1C42-4771-9459-849CECDFD2FD} = {EDB96B30-2BF3-406A-B4FA-11DEF39AE443}
		{42130559-99A2-4F0D-8170-56D51F862C08} = {EDB96B30-2BF3-406A-B4FA-11DEF39AE443}
		{976A22E0-69E7-44C9-ACFD-D906720F8DA0} = {4B1BC70C-6720-49EF-9123-ACF8FBF72BC1}
		{45ED0356-75AD-4551-99F4-72C2F7C44160} = {4B1BC70C-6720-49EF-9123-ACF8FBF72BC1}
		{BBA4AEE0-291F-4935-BE2A-CD07DB060CA9} = {4B1BC70C-6720-49EF-9123-ACF8FBF72BC1}
		{7324A224-A725-402F-8063-C06F06571775} = {4B1BC70C-6720-49EF-9123-ACF8FBF72BC1}
		{BEDD81E5-248F-8AC7-BD2F-4701A2660079} = {EDB96B30-2BF3-406A-B4FA-11DEF39AE443}
	EndGlobalSection
	GlobalSection(ExtensibilityGlobals) = postSolution
		SolutionGuid = {D1189F35-DDAC-4730-B0D7-7113E4374486}
	EndGlobalSection
EndGlobal
